
Microsoft Visual Studio Solution File, Format Version 12.00
# Visual Studio Version 16
VisualStudioVersion = 16.0.29911.84
MinimumVisualStudioVersion = 10.0.40219.1
Project("{FAE04EC0-301F-11D3-BF4B-00C04F79EFBC}") = "prueba de subida", "prueba de subida\prueba de subida.csproj", "{E6226159-1300-4D47-9647-536BF10E3AC1}"
EndProject
Global
	GlobalSection(SolutionConfigurationPlatforms) = preSolution
		Debug|Any CPU = Debug|Any CPU
		Release|Any CPU = Release|Any CPU
	EndGlobalSection
	GlobalSection(ProjectConfigurationPlatforms) = postSolution
		{E6226159-1300-4D47-9647-536BF10E3AC1}.Debug|Any CPU.ActiveCfg = Debug|Any CPU
		{E6226159-1300-4D47-9647-536BF10E3AC1}.Debug|Any CPU.Build.0 = Debug|Any CPU
		{E6226159-1300-4D47-9647-536BF10E3AC1}.Release|Any CPU.ActiveCfg = Release|Any CPU
		{E6226159-1300-4D47-9647-536BF10E3AC1}.Release|Any CPU.Build.0 = Release|Any CPU
	EndGlobalSection
	GlobalSection(SolutionProperties) = preSolution
		HideSolutionNode = FALSE
	EndGlobalSection
	GlobalSection(ExtensibilityGlobals) = postSolution
		SolutionGuid = {9D0B1C24-ED05-40EB-B87D-62B12F98E670}
	EndGlobalSection
EndGlobal
